// !$*UTF8*$!
{
	archiveVersion = 1;
	classes = {
	};
	objectVersion = 56;
	objects = {

/* Begin PBXBuildFile section */
		469159F72BE7D1B400396AC5 /* AppDelegate.swift in Sources */ = {isa = PBXBuildFile; fileRef = 469159F62BE7D1B400396AC5 /* AppDelegate.swift */; };
		46915A002BE7D1B500396AC5 /* Assets.xcassets in Resources */ = {isa = PBXBuildFile; fileRef = 469159FF2BE7D1B500396AC5 /* Assets.xcassets */; };
		46915A032BE7D1B500396AC5 /* Base in Resources */ = {isa = PBXBuildFile; fileRef = 46915A022BE7D1B500396AC5 /* Base */; };
		46915A0D2BE7D28B00396AC5 /* MainViewController.xib in Resources */ = {isa = PBXBuildFile; fileRef = 46915A0C2BE7D28B00396AC5 /* MainViewController.xib */; };
		46915A0E2BE7D28B00396AC5 /* MainViewController.swift in Sources */ = {isa = PBXBuildFile; fileRef = 46915A0B2BE7D28B00396AC5 /* MainViewController.swift */; };
		46915A182BE7DB6900396AC5 /* MainViewController+TableView.swift in Sources */ = {isa = PBXBuildFile; fileRef = 46915A172BE7DB6900396AC5 /* MainViewController+TableView.swift */; };
		46915A1A2BE7DC3400396AC5 /* MainViewModel.swift in Sources */ = {isa = PBXBuildFile; fileRef = 46915A192BE7DC3400396AC5 /* MainViewModel.swift */; };
		46915A1C2BE7DE5400396AC5 /* NetworkConstant.swift in Sources */ = {isa = PBXBuildFile; fileRef = 46915A1B2BE7DE5400396AC5 /* NetworkConstant.swift */; };
		46915A1E2BE7DF1900396AC5 /* APICaller.swift in Sources */ = {isa = PBXBuildFile; fileRef = 46915A1D2BE7DF1900396AC5 /* APICaller.swift */; };
		46915A202BE7DF6A00396AC5 /* TrendingMoviesModel.swift in Sources */ = {isa = PBXBuildFile; fileRef = 46915A1F2BE7DF6A00396AC5 /* TrendingMoviesModel.swift */; };
/* End PBXBuildFile section */

/* Begin PBXFileReference section */
		469159F32BE7D1B400396AC5 /* Movie-App.app */ = {isa = PBXFileReference; explicitFileType = wrapper.application; includeInIndex = 0; path = "Movie-App.app"; sourceTree = BUILT_PRODUCTS_DIR; };
		469159F62BE7D1B400396AC5 /* AppDelegate.swift */ = {isa = PBXFileReference; lastKnownFileType = sourcecode.swift; path = AppDelegate.swift; sourceTree = "<group>"; };
		469159FF2BE7D1B500396AC5 /* Assets.xcassets */ = {isa = PBXFileReference; lastKnownFileType = folder.assetcatalog; path = Assets.xcassets; sourceTree = "<group>"; };
		46915A022BE7D1B500396AC5 /* Base */ = {isa = PBXFileReference; lastKnownFileType = file.storyboard; name = Base; path = Base.lproj/LaunchScreen.storyboard; sourceTree = "<group>"; };
		46915A042BE7D1B500396AC5 /* Info.plist */ = {isa = PBXFileReference; lastKnownFileType = text.plist.xml; path = Info.plist; sourceTree = "<group>"; };
		46915A0B2BE7D28B00396AC5 /* MainViewController.swift */ = {isa = PBXFileReference; lastKnownFileType = sourcecode.swift; path = MainViewController.swift; sourceTree = "<group>"; };
		46915A0C2BE7D28B00396AC5 /* MainViewController.xib */ = {isa = PBXFileReference; lastKnownFileType = file.xib; path = MainViewController.xib; sourceTree = "<group>"; };
		46915A172BE7DB6900396AC5 /* MainViewController+TableView.swift */ = {isa = PBXFileReference; lastKnownFileType = sourcecode.swift; path = "MainViewController+TableView.swift"; sourceTree = "<group>"; };
		46915A192BE7DC3400396AC5 /* MainViewModel.swift */ = {isa = PBXFileReference; lastKnownFileType = sourcecode.swift; path = MainViewModel.swift; sourceTree = "<group>"; };
		46915A1B2BE7DE5400396AC5 /* NetworkConstant.swift */ = {isa = PBXFileReference; lastKnownFileType = sourcecode.swift; path = NetworkConstant.swift; sourceTree = "<group>"; };
		46915A1D2BE7DF1900396AC5 /* APICaller.swift */ = {isa = PBXFileReference; lastKnownFileType = sourcecode.swift; path = APICaller.swift; sourceTree = "<group>"; };
		46915A1F2BE7DF6A00396AC5 /* TrendingMoviesModel.swift */ = {isa = PBXFileReference; lastKnownFileType = sourcecode.swift; path = TrendingMoviesModel.swift; sourceTree = "<group>"; };
/* End PBXFileReference section */

/* Begin PBXFrameworksBuildPhase section */
		469159F02BE7D1B400396AC5 /* Frameworks */ = {
			isa = PBXFrameworksBuildPhase;
			buildActionMask = 2147483647;
			files = (
			);
			runOnlyForDeploymentPostprocessing = 0;
		};
/* End PBXFrameworksBuildPhase section */

/* Begin PBXGroup section */
		469159EA2BE7D1B400396AC5 = {
			isa = PBXGroup;
			children = (
				469159F52BE7D1B400396AC5 /* Movie-App */,
				469159F42BE7D1B400396AC5 /* Products */,
			);
			sourceTree = "<group>";
		};
		469159F42BE7D1B400396AC5 /* Products */ = {
			isa = PBXGroup;
			children = (
				469159F32BE7D1B400396AC5 /* Movie-App.app */,
			);
			name = Products;
			sourceTree = "<group>";
		};
		469159F52BE7D1B400396AC5 /* Movie-App */ = {
			isa = PBXGroup;
			children = (
				46915A162BE7D5F800396AC5 /* View */,
				46915A152BE7D5E100396AC5 /* Controllers */,
				46915A142BE7D5DA00396AC5 /* ViewModel */,
				46915A132BE7D5D400396AC5 /* Model */,
				46915A122BE7D5CD00396AC5 /* Classes */,
				46915A112BE7D5C400396AC5 /* Resources */,
				46915A102BE7D5BE00396AC5 /* Extension */,
				46915A0F2BE7D5B500396AC5 /* Networking */,
				469159F62BE7D1B400396AC5 /* AppDelegate.swift */,
				46915A042BE7D1B500396AC5 /* Info.plist */,
			);
			path = "Movie-App";
			sourceTree = "<group>";
		};
		46915A0A2BE7D26200396AC5 /* MainViewController */ = {
			isa = PBXGroup;
			children = (
				46915A0B2BE7D28B00396AC5 /* MainViewController.swift */,
				46915A0C2BE7D28B00396AC5 /* MainViewController.xib */,
				46915A172BE7DB6900396AC5 /* MainViewController+TableView.swift */,
			);
			path = MainViewController;
			sourceTree = "<group>";
		};
		46915A0F2BE7D5B500396AC5 /* Networking */ = {
			isa = PBXGroup;
			children = (
				46915A1B2BE7DE5400396AC5 /* NetworkConstant.swift */,
				46915A1D2BE7DF1900396AC5 /* APICaller.swift */,
			);
			path = Networking;
			sourceTree = "<group>";
		};
		46915A102BE7D5BE00396AC5 /* Extension */ = {
			isa = PBXGroup;
			children = (
			);
			path = Extension;
			sourceTree = "<group>";
		};
		46915A112BE7D5C400396AC5 /* Resources */ = {
			isa = PBXGroup;
			children = (
				469159FF2BE7D1B500396AC5 /* Assets.xcassets */,
			);
			path = Resources;
			sourceTree = "<group>";
		};
		46915A122BE7D5CD00396AC5 /* Classes */ = {
			isa = PBXGroup;
			children = (
			);
			path = Classes;
			sourceTree = "<group>";
		};
		46915A132BE7D5D400396AC5 /* Model */ = {
			isa = PBXGroup;
			children = (
				46915A1F2BE7DF6A00396AC5 /* TrendingMoviesModel.swift */,
			);
			path = Model;
			sourceTree = "<group>";
		};
		46915A142BE7D5DA00396AC5 /* ViewModel */ = {
			isa = PBXGroup;
			children = (
				46915A192BE7DC3400396AC5 /* MainViewModel.swift */,
			);
			path = ViewModel;
			sourceTree = "<group>";
		};
		46915A152BE7D5E100396AC5 /* Controllers */ = {
			isa = PBXGroup;
			children = (
				46915A0A2BE7D26200396AC5 /* MainViewController */,
			);
			path = Controllers;
			sourceTree = "<group>";
		};
		46915A162BE7D5F800396AC5 /* View */ = {
			isa = PBXGroup;
			children = (
				46915A012BE7D1B500396AC5 /* LaunchScreen.storyboard */,
			);
			path = View;
			sourceTree = "<group>";
		};
/* End PBXGroup section */

/* Begin PBXNativeTarget section */
		469159F22BE7D1B400396AC5 /* Movie-App */ = {
			isa = PBXNativeTarget;
			buildConfigurationList = 46915A072BE7D1B500396AC5 /* Build configuration list for PBXNativeTarget "Movie-App" */;
			buildPhases = (
				469159EF2BE7D1B400396AC5 /* Sources */,
				469159F02BE7D1B400396AC5 /* Frameworks */,
				469159F12BE7D1B400396AC5 /* Resources */,
			);
			buildRules = (
			);
			dependencies = (
			);
			name = "Movie-App";
			productName = "Movie-App";
			productReference = 469159F32BE7D1B400396AC5 /* Movie-App.app */;
			productType = "com.apple.product-type.application";
		};
/* End PBXNativeTarget section */

/* Begin PBXProject section */
		469159EB2BE7D1B400396AC5 /* Project object */ = {
			isa = PBXProject;
			attributes = {
				BuildIndependentTargetsInParallel = 1;
				LastSwiftUpdateCheck = 1530;
				LastUpgradeCheck = 1530;
				TargetAttributes = {
					469159F22BE7D1B400396AC5 = {
						CreatedOnToolsVersion = 15.3;
					};
				};
			};
			buildConfigurationList = 469159EE2BE7D1B400396AC5 /* Build configuration list for PBXProject "Movie-App" */;
			compatibilityVersion = "Xcode 14.0";
			developmentRegion = en;
			hasScannedForEncodings = 0;
			knownRegions = (
				en,
				Base,
			);
			mainGroup = 469159EA2BE7D1B400396AC5;
			productRefGroup = 469159F42BE7D1B400396AC5 /* Products */;
			projectDirPath = "";
			projectRoot = "";
			targets = (
				469159F22BE7D1B400396AC5 /* Movie-App */,
			);
		};
/* End PBXProject section */

/* Begin PBXResourcesBuildPhase section */
		469159F12BE7D1B400396AC5 /* Resources */ = {
			isa = PBXResourcesBuildPhase;
			buildActionMask = 2147483647;
			files = (
				46915A002BE7D1B500396AC5 /* Assets.xcassets in Resources */,
				46915A0D2BE7D28B00396AC5 /* MainViewController.xib in Resources */,
				46915A032BE7D1B500396AC5 /* Base in Resources */,
			);
			runOnlyForDeploymentPostprocessing = 0;
		};
/* End PBXResourcesBuildPhase section */

/* Begin PBXSourcesBuildPhase section */
		469159EF2BE7D1B400396AC5 /* Sources */ = {
			isa = PBXSourcesBuildPhase;
			buildActionMask = 2147483647;
			files = (
				469159F72BE7D1B400396AC5 /* AppDelegate.swift in Sources */,
				46915A1E2BE7DF1900396AC5 /* APICaller.swift in Sources */,
				46915A182BE7DB6900396AC5 /* MainViewController+TableView.swift in Sources */,
				46915A0E2BE7D28B00396AC5 /* MainViewController.swift in Sources */,
				46915A1C2BE7DE5400396AC5 /* NetworkConstant.swift in Sources */,
				46915A1A2BE7DC3400396AC5 /* MainViewModel.swift in Sources */,
				46915A202BE7DF6A00396AC5 /* TrendingMoviesModel.swift in Sources */,
			);
			runOnlyForDeploymentPostprocessing = 0;
		};
/* End PBXSourcesBuildPhase section */

/* Begin PBXVariantGroup section */
		46915A012BE7D1B500396AC5 /* LaunchScreen.storyboard */ = {
			isa = PBXVariantGroup;
			children = (
				46915A022BE7D1B500396AC5 /* Base */,
			);
			name = LaunchScreen.storyboard;
			sourceTree = "<group>";
		};
/* End PBXVariantGroup section */

/* Begin XCBuildConfiguration section */
		46915A052BE7D1B500396AC5 /* Debug */ = {
			isa = XCBuildConfiguration;
			buildSettings = {
				ALWAYS_SEARCH_USER_PATHS = NO;
				ASSETCATALOG_COMPILER_GENERATE_SWIFT_ASSET_SYMBOL_EXTENSIONS = YES;
				CLANG_ANALYZER_NONNULL = YES;
				CLANG_ANALYZER_NUMBER_OBJECT_CONVERSION = YES_AGGRESSIVE;
				CLANG_CXX_LANGUAGE_STANDARD = "gnu++20";
				CLANG_ENABLE_MODULES = YES;
				CLANG_ENABLE_OBJC_ARC = YES;
				CLANG_ENABLE_OBJC_WEAK = YES;
				CLANG_WARN_BLOCK_CAPTURE_AUTORELEASING = YES;
				CLANG_WARN_BOOL_CONVERSION = YES;
				CLANG_WARN_COMMA = YES;
				CLANG_WARN_CONSTANT_CONVERSION = YES;
				CLANG_WARN_DEPRECATED_OBJC_IMPLEMENTATIONS = YES;
				CLANG_WARN_DIRECT_OBJC_ISA_USAGE = YES_ERROR;
				CLANG_WARN_DOCUMENTATION_COMMENTS = YES;
				CLANG_WARN_EMPTY_BODY = YES;
				CLANG_WARN_ENUM_CONVERSION = YES;
				CLANG_WARN_INFINITE_RECURSION = YES;
				CLANG_WARN_INT_CONVERSION = YES;
				CLANG_WARN_NON_LITERAL_NULL_CONVERSION = YES;
				CLANG_WARN_OBJC_IMPLICIT_RETAIN_SELF = YES;
				CLANG_WARN_OBJC_LITERAL_CONVERSION = YES;
				CLANG_WARN_OBJC_ROOT_CLASS = YES_ERROR;
				CLANG_WARN_QUOTED_INCLUDE_IN_FRAMEWORK_HEADER = YES;
				CLANG_WARN_RANGE_LOOP_ANALYSIS = YES;
				CLANG_WARN_STRICT_PROTOTYPES = YES;
				CLANG_WARN_SUSPICIOUS_MOVE = YES;
				CLANG_WARN_UNGUARDED_AVAILABILITY = YES_AGGRESSIVE;
				CLANG_WARN_UNREACHABLE_CODE = YES;
				CLANG_WARN__DUPLICATE_METHOD_MATCH = YES;
				COPY_PHASE_STRIP = NO;
				DEBUG_INFORMATION_FORMAT = dwarf;
				ENABLE_STRICT_OBJC_MSGSEND = YES;
				ENABLE_TESTABILITY = YES;
				ENABLE_USER_SCRIPT_SANDBOXING = YES;
				GCC_C_LANGUAGE_STANDARD = gnu17;
				GCC_DYNAMIC_NO_PIC = NO;
				GCC_NO_COMMON_BLOCKS = YES;
				GCC_OPTIMIZATION_LEVEL = 0;
				GCC_PREPROCESSOR_DEFINITIONS = (
					"DEBUG=1",
					"$(inherited)",
				);
				GCC_WARN_64_TO_32_BIT_CONVERSION = YES;
				GCC_WARN_ABOUT_RETURN_TYPE = YES_ERROR;
				GCC_WARN_UNDECLARED_SELECTOR = YES;
				GCC_WARN_UNINITIALIZED_AUTOS = YES_AGGRESSIVE;
				GCC_WARN_UNUSED_FUNCTION = YES;
				GCC_WARN_UNUSED_VARIABLE = YES;
				IPHONEOS_DEPLOYMENT_TARGET = 17.4;
				LOCALIZATION_PREFERS_STRING_CATALOGS = YES;
				MTL_ENABLE_DEBUG_INFO = INCLUDE_SOURCE;
				MTL_FAST_MATH = YES;
				ONLY_ACTIVE_ARCH = YES;
				SDKROOT = iphoneos;
				SWIFT_ACTIVE_COMPILATION_CONDITIONS = "DEBUG $(inherited)";
				SWIFT_OPTIMIZATION_LEVEL = "-Onone";
			};
			name = Debug;
		};
		46915A062BE7D1B500396AC5 /* Release */ = {
			isa = XCBuildConfiguration;
			buildSettings = {
				ALWAYS_SEARCH_USER_PATHS = NO;
				ASSETCATALOG_COMPILER_GENERATE_SWIFT_ASSET_SYMBOL_EXTENSIONS = YES;
				CLANG_ANALYZER_NONNULL = YES;
				CLANG_ANALYZER_NUMBER_OBJECT_CONVERSION = YES_AGGRESSIVE;
				CLANG_CXX_LANGUAGE_STANDARD = "gnu++20";
				CLANG_ENABLE_MODULES = YES;
				CLANG_ENABLE_OBJC_ARC = YES;
				CLANG_ENABLE_OBJC_WEAK = YES;
				CLANG_WARN_BLOCK_CAPTURE_AUTORELEASING = YES;
				CLANG_WARN_BOOL_CONVERSION = YES;
				CLANG_WARN_COMMA = YES;
				CLANG_WARN_CONSTANT_CONVERSION = YES;
				CLANG_WARN_DEPRECATED_OBJC_IMPLEMENTATIONS = YES;
				CLANG_WARN_DIRECT_OBJC_ISA_USAGE = YES_ERROR;
				CLANG_WARN_DOCUMENTATION_COMMENTS = YES;
				CLANG_WARN_EMPTY_BODY = YES;
				CLANG_WARN_ENUM_CONVERSION = YES;
				CLANG_WARN_INFINITE_RECURSION = YES;
				CLANG_WARN_INT_CONVERSION = YES;
				CLANG_WARN_NON_LITERAL_NULL_CONVERSION = YES;
				CLANG_WARN_OBJC_IMPLICIT_RETAIN_SELF = YES;
				CLANG_WARN_OBJC_LITERAL_CONVERSION = YES;
				CLANG_WARN_OBJC_ROOT_CLASS = YES_ERROR;
				CLANG_WARN_QUOTED_INCLUDE_IN_FRAMEWORK_HEADER = YES;
				CLANG_WARN_RANGE_LOOP_ANALYSIS = YES;
				CLANG_WARN_STRICT_PROTOTYPES = YES;
				CLANG_WARN_SUSPICIOUS_MOVE = YES;
				CLANG_WARN_UNGUARDED_AVAILABILITY = YES_AGGRESSIVE;
				CLANG_WARN_UNREACHABLE_CODE = YES;
				CLANG_WARN__DUPLICATE_METHOD_MATCH = YES;
				COPY_PHASE_STRIP = NO;
				DEBUG_INFORMATION_FORMAT = "dwarf-with-dsym";
				ENABLE_NS_ASSERTIONS = NO;
				ENABLE_STRICT_OBJC_MSGSEND = YES;
				ENABLE_USER_SCRIPT_SANDBOXING = YES;
				GCC_C_LANGUAGE_STANDARD = gnu17;
				GCC_NO_COMMON_BLOCKS = YES;
				GCC_WARN_64_TO_32_BIT_CONVERSION = YES;
				GCC_WARN_ABOUT_RETURN_TYPE = YES_ERROR;
				GCC_WARN_UNDECLARED_SELECTOR = YES;
				GCC_WARN_UNINITIALIZED_AUTOS = YES_AGGRESSIVE;
				GCC_WARN_UNUSED_FUNCTION = YES;
				GCC_WARN_UNUSED_VARIABLE = YES;
				IPHONEOS_DEPLOYMENT_TARGET = 17.4;
				LOCALIZATION_PREFERS_STRING_CATALOGS = YES;
				MTL_ENABLE_DEBUG_INFO = NO;
				MTL_FAST_MATH = YES;
				SDKROOT = iphoneos;
				SWIFT_COMPILATION_MODE = wholemodule;
				VALIDATE_PRODUCT = YES;
			};
			name = Release;
		};
		46915A082BE7D1B500396AC5 /* Debug */ = {
			isa = XCBuildConfiguration;
			buildSettings = {
				ASSETCATALOG_COMPILER_APPICON_NAME = AppIcon;
				ASSETCATALOG_COMPILER_GLOBAL_ACCENT_COLOR_NAME = AccentColor;
				CODE_SIGN_STYLE = Automatic;
				CURRENT_PROJECT_VERSION = 1;
				GENERATE_INFOPLIST_FILE = YES;
				INFOPLIST_FILE = "Movie-App/Info.plist";
				INFOPLIST_KEY_UIApplicationSupportsIndirectInputEvents = YES;
				INFOPLIST_KEY_UILaunchStoryboardName = LaunchScreen;
				INFOPLIST_KEY_UIStatusBarStyle = "";
				INFOPLIST_KEY_UISupportedInterfaceOrientations = UIInterfaceOrientationPortrait;
				INFOPLIST_KEY_UISupportedInterfaceOrientations_iPad = "UIInterfaceOrientationLandscapeLeft UIInterfaceOrientationLandscapeRight UIInterfaceOrientationPortrait UIInterfaceOrientationPortraitUpsideDown";
				LD_RUNPATH_SEARCH_PATHS = (
					"$(inherited)",
					"@executable_path/Frameworks",
				);
				MARKETING_VERSION = 1.0;
				PRODUCT_BUNDLE_IDENTIFIER = "com.owennguyen.Movie-App";
				PRODUCT_NAME = "$(TARGET_NAME)";
				SWIFT_EMIT_LOC_STRINGS = YES;
				SWIFT_VERSION = 5.0;
				TARGETED_DEVICE_FAMILY = "1,2";
			};
			name = Debug;
		};
		46915A092BE7D1B500396AC5 /* Release */ = {
			isa = XCBuildConfiguration;
			buildSettings = {
				ASSETCATALOG_COMPILER_APPICON_NAME = AppIcon;
				ASSETCATALOG_COMPILER_GLOBAL_ACCENT_COLOR_NAME = AccentColor;
				CODE_SIGN_STYLE = Automatic;
				CURRENT_PROJECT_VERSION = 1;
				GENERATE_INFOPLIST_FILE = YES;
				INFOPLIST_FILE = "Movie-App/Info.plist";
				INFOPLIST_KEY_UIApplicationSupportsIndirectInputEvents = YES;
				INFOPLIST_KEY_UILaunchStoryboardName = LaunchScreen;
				INFOPLIST_KEY_UIStatusBarStyle = "";
				INFOPLIST_KEY_UISupportedInterfaceOrientations = UIInterfaceOrientationPortrait;
				INFOPLIST_KEY_UISupportedInterfaceOrientations_iPad = "UIInterfaceOrientationLandscapeLeft UIInterfaceOrientationLandscapeRight UIInterfaceOrientationPortrait UIInterfaceOrientationPortraitUpsideDown";
				LD_RUNPATH_SEARCH_PATHS = (
					"$(inherited)",
					"@executable_path/Frameworks",
				);
				MARKETING_VERSION = 1.0;
				PRODUCT_BUNDLE_IDENTIFIER = "com.owennguyen.Movie-App";
				PRODUCT_NAME = "$(TARGET_NAME)";
				SWIFT_EMIT_LOC_STRINGS = YES;
				SWIFT_VERSION = 5.0;
				TARGETED_DEVICE_FAMILY = "1,2";
			};
			name = Release;
		};
/* End XCBuildConfiguration section */

/* Begin XCConfigurationList section */
		469159EE2BE7D1B400396AC5 /* Build configuration list for PBXProject "Movie-App" */ = {
			isa = XCConfigurationList;
			buildConfigurations = (
				46915A052BE7D1B500396AC5 /* Debug */,
				46915A062BE7D1B500396AC5 /* Release */,
			);
			defaultConfigurationIsVisible = 0;
			defaultConfigurationName = Release;
		};
		46915A072BE7D1B500396AC5 /* Build configuration list for PBXNativeTarget "Movie-App" */ = {
			isa = XCConfigurationList;
			buildConfigurations = (
				46915A082BE7D1B500396AC5 /* Debug */,
				46915A092BE7D1B500396AC5 /* Release */,
			);
			defaultConfigurationIsVisible = 0;
			defaultConfigurationName = Release;
		};
/* End XCConfigurationList section */
	};
	rootObject = 469159EB2BE7D1B400396AC5 /* Project object */;
}
